
Microsoft Visual Studio Solution File, Format Version 12.00
# Visual Studio Version 17
VisualStudioVersion = 17.11.35327.3
MinimumVisualStudioVersion = 10.0.40219.1
Project("{FAE04EC0-301F-11D3-BF4B-00C04F79EFBC}") = "DIP Coin", "DIP Coin\DIP Coin.csproj", "{17F78AB7-2CEC-458E-909D-80B86A3D2169}"
EndProject
Global
	GlobalSection(SolutionConfigurationPlatforms) = preSolution
		Debug|Any CPU = Debug|Any CPU
		Release|Any CPU = Release|Any CPU
	EndGlobalSection
	GlobalSection(ProjectConfigurationPlatforms) = postSolution
		{17F78AB7-2CEC-458E-909D-80B86A3D2169}.Debug|Any CPU.ActiveCfg = Debug|Any CPU
		{17F78AB7-2CEC-458E-909D-80B86A3D2169}.Debug|Any CPU.Build.0 = Debug|Any CPU
		{17F78AB7-2CEC-458E-909D-80B86A3D2169}.Release|Any CPU.ActiveCfg = Release|Any CPU
		{17F78AB7-2CEC-458E-909D-80B86A3D2169}.Release|Any CPU.Build.0 = Release|Any CPU
	EndGlobalSection
	GlobalSection(SolutionProperties) = preSolution
		HideSolutionNode = FALSE
	EndGlobalSection
	GlobalSection(ExtensibilityGlobals) = postSolution
		SolutionGuid = {7B4531EE-205B-4822-BC1A-4457F69D3B3C}
	EndGlobalSection
EndGlobal
